// !$*UTF8*$!
{
	archiveVersion = 1;
	classes = {
	};
	objectVersion = 50;
	objects = {

/* Begin PBXBuildFile section */
		5CB3D9ED8CE08477F55AD338 /* Pods_MessView.framework in Frameworks */ = {isa = PBXBuildFile; fileRef = 88E7107EDB59C0CF3F276050 /* Pods_MessView.framework */; };
		6E04001721E355DF002064D1 /* ChatMessageCell.swift in Sources */ = {isa = PBXBuildFile; fileRef = 6E04001621E355DF002064D1 /* ChatMessageCell.swift */; };
		6E4C126021CE990200390B1A /* Registration.swift in Sources */ = {isa = PBXBuildFile; fileRef = 6E4C125F21CE990200390B1A /* Registration.swift */; };
		6E4C126221CE9A7C00390B1A /* Loggin.swift in Sources */ = {isa = PBXBuildFile; fileRef = 6E4C126121CE9A7C00390B1A /* Loggin.swift */; };
		6E4C126621CEE1B200390B1A /* MessageView.swift in Sources */ = {isa = PBXBuildFile; fileRef = 6E4C126521CEE1B200390B1A /* MessageView.swift */; };
		6E4C126E21CF5D2A00390B1A /* NewMessage.swift in Sources */ = {isa = PBXBuildFile; fileRef = 6E4C126D21CF5D2A00390B1A /* NewMessage.swift */; };
		6E4C127021CF5FE600390B1A /* ChatLogController.swift in Sources */ = {isa = PBXBuildFile; fileRef = 6E4C126F21CF5FE600390B1A /* ChatLogController.swift */; };
		6E85695021EB4D430069932C /* GoogleService-Info.plist in Resources */ = {isa = PBXBuildFile; fileRef = 6E85694F21EB4D430069932C /* GoogleService-Info.plist */; };
		6E893F4F21CAA79300AB4777 /* AppDelegate.swift in Sources */ = {isa = PBXBuildFile; fileRef = 6E893F4E21CAA79300AB4777 /* AppDelegate.swift */; };
		6E893F5421CAA79300AB4777 /* Main.storyboard in Resources */ = {isa = PBXBuildFile; fileRef = 6E893F5221CAA79300AB4777 /* Main.storyboard */; };
		6E893F5721CAA79300AB4777 /* MessView.xcdatamodeld in Sources */ = {isa = PBXBuildFile; fileRef = 6E893F5521CAA79300AB4777 /* MessView.xcdatamodeld */; };
		6E893F5921CAA79500AB4777 /* Assets.xcassets in Resources */ = {isa = PBXBuildFile; fileRef = 6E893F5821CAA79500AB4777 /* Assets.xcassets */; };
		6E893F5C21CAA79500AB4777 /* LaunchScreen.storyboard in Resources */ = {isa = PBXBuildFile; fileRef = 6E893F5A21CAA79500AB4777 /* LaunchScreen.storyboard */; };
		6E893F6421CE145400AB4777 /* loading_anim.json in Resources */ = {isa = PBXBuildFile; fileRef = 6E893F6321CE145400AB4777 /* loading_anim.json */; };
		6E893F6621CE157E00AB4777 /* like.json in Resources */ = {isa = PBXBuildFile; fileRef = 6E893F6521CE157E00AB4777 /* like.json */; };
		6E893F6821CE15A500AB4777 /* floral.json in Resources */ = {isa = PBXBuildFile; fileRef = 6E893F6721CE15A500AB4777 /* floral.json */; };
		6E893F6D21CE1B7500AB4777 /* amazing_anima.json in Resources */ = {isa = PBXBuildFile; fileRef = 6E893F6C21CE1B7500AB4777 /* amazing_anima.json */; };
		6E893F6F21CE3E5C00AB4777 /* l2.json in Resources */ = {isa = PBXBuildFile; fileRef = 6E893F6E21CE3E5C00AB4777 /* l2.json */; };
		6E893F7121CE3EFA00AB4777 /* lll333.json in Resources */ = {isa = PBXBuildFile; fileRef = 6E893F7021CE3EF900AB4777 /* lll333.json */; };
		6E893F7321CE3FA600AB4777 /* 123.json in Resources */ = {isa = PBXBuildFile; fileRef = 6E893F7221CE3FA600AB4777 /* 123.json */; };
		6E893F7521CE8D0200AB4777 /* heart_anima.json in Resources */ = {isa = PBXBuildFile; fileRef = 6E893F7421CE8D0200AB4777 /* heart_anima.json */; };
		6E893F7A21CE8DE400AB4777 /* menuButton1.json in Resources */ = {isa = PBXBuildFile; fileRef = 6E893F7721CE8DE400AB4777 /* menuButton1.json */; };
		6E893F7B21CE8DE400AB4777 /* menuButton2.json in Resources */ = {isa = PBXBuildFile; fileRef = 6E893F7821CE8DE400AB4777 /* menuButton2.json */; };
		6E893F7C21CE8DE400AB4777 /* Day01_MenuButton.aep in Resources */ = {isa = PBXBuildFile; fileRef = 6E893F7921CE8DE400AB4777 /* Day01_MenuButton.aep */; };
		6E893F7E21CE8E1800AB4777 /* glow_loading.json in Resources */ = {isa = PBXBuildFile; fileRef = 6E893F7D21CE8E1800AB4777 /* glow_loading.json */; };
		6E9DF38E21D260910071FD94 /* UserListCell.swift in Sources */ = {isa = PBXBuildFile; fileRef = 6E9DF38C21D260910071FD94 /* UserListCell.swift */; };
		6E9DF38F21D260910071FD94 /* UserListCell.xib in Resources */ = {isa = PBXBuildFile; fileRef = 6E9DF38D21D260910071FD94 /* UserListCell.xib */; };
		6E9DF39421D297720071FD94 /* ChatLog.swift in Sources */ = {isa = PBXBuildFile; fileRef = 6E9DF39221D297720071FD94 /* ChatLog.swift */; };
		6E9DF39521D297720071FD94 /* ChatLog.xib in Resources */ = {isa = PBXBuildFile; fileRef = 6E9DF39321D297720071FD94 /* ChatLog.xib */; };
		6EF9406521D41F0F0055FCCF /* User.swift in Sources */ = {isa = PBXBuildFile; fileRef = 6EF9406421D41F0F0055FCCF /* User.swift */; };
		6EF9406721D41FEE0055FCCF /* Message.swift in Sources */ = {isa = PBXBuildFile; fileRef = 6EF9406621D41FEE0055FCCF /* Message.swift */; };
/* End PBXBuildFile section */

/* Begin PBXFileReference section */
		4292815669D708C8925CFAFA /* Pods-MessView.debug.xcconfig */ = {isa = PBXFileReference; includeInIndex = 1; lastKnownFileType = text.xcconfig; name = "Pods-MessView.debug.xcconfig"; path = "Pods/Target Support Files/Pods-MessView/Pods-MessView.debug.xcconfig"; sourceTree = "<group>"; };
		6E04001621E355DF002064D1 /* ChatMessageCell.swift */ = {isa = PBXFileReference; lastKnownFileType = sourcecode.swift; path = ChatMessageCell.swift; sourceTree = "<group>"; };
		6E4C125F21CE990200390B1A /* Registration.swift */ = {isa = PBXFileReference; lastKnownFileType = sourcecode.swift; path = Registration.swift; sourceTree = "<group>"; };
		6E4C126121CE9A7C00390B1A /* Loggin.swift */ = {isa = PBXFileReference; lastKnownFileType = sourcecode.swift; path = Loggin.swift; sourceTree = "<group>"; };
		6E4C126521CEE1B200390B1A /* MessageView.swift */ = {isa = PBXFileReference; lastKnownFileType = sourcecode.swift; path = MessageView.swift; sourceTree = "<group>"; };
		6E4C126D21CF5D2A00390B1A /* NewMessage.swift */ = {isa = PBXFileReference; lastKnownFileType = sourcecode.swift; path = NewMessage.swift; sourceTree = "<group>"; };
		6E4C126F21CF5FE600390B1A /* ChatLogController.swift */ = {isa = PBXFileReference; lastKnownFileType = sourcecode.swift; path = ChatLogController.swift; sourceTree = "<group>"; };
		6E85694F21EB4D430069932C /* GoogleService-Info.plist */ = {isa = PBXFileReference; fileEncoding = 4; lastKnownFileType = text.plist.xml; path = "GoogleService-Info.plist"; sourceTree = SOURCE_ROOT; };
		6E893F4B21CAA79300AB4777 /* MessView.app */ = {isa = PBXFileReference; explicitFileType = wrapper.application; includeInIndex = 0; path = MessView.app; sourceTree = BUILT_PRODUCTS_DIR; };
		6E893F4E21CAA79300AB4777 /* AppDelegate.swift */ = {isa = PBXFileReference; lastKnownFileType = sourcecode.swift; path = AppDelegate.swift; sourceTree = "<group>"; };
		6E893F5321CAA79300AB4777 /* Base */ = {isa = PBXFileReference; lastKnownFileType = file.storyboard; name = Base; path = Base.lproj/Main.storyboard; sourceTree = "<group>"; };
		6E893F5621CAA79300AB4777 /* MessView.xcdatamodel */ = {isa = PBXFileReference; lastKnownFileType = wrapper.xcdatamodel; path = MessView.xcdatamodel; sourceTree = "<group>"; };
		6E893F5821CAA79500AB4777 /* Assets.xcassets */ = {isa = PBXFileReference; lastKnownFileType = folder.assetcatalog; path = Assets.xcassets; sourceTree = "<group>"; };
		6E893F5B21CAA79500AB4777 /* Base */ = {isa = PBXFileReference; lastKnownFileType = file.storyboard; name = Base; path = Base.lproj/LaunchScreen.storyboard; sourceTree = "<group>"; };
		6E893F5D21CAA79500AB4777 /* Info.plist */ = {isa = PBXFileReference; lastKnownFileType = text.plist.xml; path = Info.plist; sourceTree = "<group>"; };
		6E893F6321CE145400AB4777 /* loading_anim.json */ = {isa = PBXFileReference; fileEncoding = 4; lastKnownFileType = text.json; path = loading_anim.json; sourceTree = "<group>"; };
		6E893F6521CE157E00AB4777 /* like.json */ = {isa = PBXFileReference; fileEncoding = 4; lastKnownFileType = text.json; path = like.json; sourceTree = "<group>"; };
		6E893F6721CE15A500AB4777 /* floral.json */ = {isa = PBXFileReference; fileEncoding = 4; lastKnownFileType = text.json; path = floral.json; sourceTree = "<group>"; };
		6E893F6C21CE1B7500AB4777 /* amazing_anima.json */ = {isa = PBXFileReference; fileEncoding = 4; lastKnownFileType = text.json; path = amazing_anima.json; sourceTree = "<group>"; };
		6E893F6E21CE3E5C00AB4777 /* l2.json */ = {isa = PBXFileReference; fileEncoding = 4; lastKnownFileType = text.json; path = l2.json; sourceTree = "<group>"; };
		6E893F7021CE3EF900AB4777 /* lll333.json */ = {isa = PBXFileReference; fileEncoding = 4; lastKnownFileType = text.json; path = lll333.json; sourceTree = "<group>"; };
		6E893F7221CE3FA600AB4777 /* 123.json */ = {isa = PBXFileReference; fileEncoding = 4; lastKnownFileType = text.json; path = 123.json; sourceTree = "<group>"; };
		6E893F7421CE8D0200AB4777 /* heart_anima.json */ = {isa = PBXFileReference; fileEncoding = 4; lastKnownFileType = text.json; path = heart_anima.json; sourceTree = "<group>"; };
		6E893F7721CE8DE400AB4777 /* menuButton1.json */ = {isa = PBXFileReference; fileEncoding = 4; lastKnownFileType = text.json; path = menuButton1.json; sourceTree = "<group>"; };
		6E893F7821CE8DE400AB4777 /* menuButton2.json */ = {isa = PBXFileReference; fileEncoding = 4; lastKnownFileType = text.json; path = menuButton2.json; sourceTree = "<group>"; };
		6E893F7921CE8DE400AB4777 /* Day01_MenuButton.aep */ = {isa = PBXFileReference; lastKnownFileType = file; path = Day01_MenuButton.aep; sourceTree = "<group>"; };
		6E893F7D21CE8E1800AB4777 /* glow_loading.json */ = {isa = PBXFileReference; fileEncoding = 4; lastKnownFileType = text.json; path = glow_loading.json; sourceTree = "<group>"; };
		6E9DF38C21D260910071FD94 /* UserListCell.swift */ = {isa = PBXFileReference; lastKnownFileType = sourcecode.swift; path = UserListCell.swift; sourceTree = "<group>"; };
		6E9DF38D21D260910071FD94 /* UserListCell.xib */ = {isa = PBXFileReference; lastKnownFileType = file.xib; path = UserListCell.xib; sourceTree = "<group>"; };
		6E9DF39221D297720071FD94 /* ChatLog.swift */ = {isa = PBXFileReference; lastKnownFileType = sourcecode.swift; path = ChatLog.swift; sourceTree = "<group>"; };
		6E9DF39321D297720071FD94 /* ChatLog.xib */ = {isa = PBXFileReference; lastKnownFileType = file.xib; path = ChatLog.xib; sourceTree = "<group>"; };
		6EF9406421D41F0F0055FCCF /* User.swift */ = {isa = PBXFileReference; lastKnownFileType = sourcecode.swift; path = User.swift; sourceTree = "<group>"; };
		6EF9406621D41FEE0055FCCF /* Message.swift */ = {isa = PBXFileReference; lastKnownFileType = sourcecode.swift; path = Message.swift; sourceTree = "<group>"; };
		88E7107EDB59C0CF3F276050 /* Pods_MessView.framework */ = {isa = PBXFileReference; explicitFileType = wrapper.framework; includeInIndex = 0; path = Pods_MessView.framework; sourceTree = BUILT_PRODUCTS_DIR; };
		CBE20C80BF90CBB91FEFCBE5 /* Pods-MessView.release.xcconfig */ = {isa = PBXFileReference; includeInIndex = 1; lastKnownFileType = text.xcconfig; name = "Pods-MessView.release.xcconfig"; path = "Pods/Target Support Files/Pods-MessView/Pods-MessView.release.xcconfig"; sourceTree = "<group>"; };
/* End PBXFileReference section */

/* Begin PBXFrameworksBuildPhase section */
		6E893F4821CAA79300AB4777 /* Frameworks */ = {
			isa = PBXFrameworksBuildPhase;
			buildActionMask = 2147483647;
			files = (
				5CB3D9ED8CE08477F55AD338 /* Pods_MessView.framework in Frameworks */,
			);
			runOnlyForDeploymentPostprocessing = 0;
		};
/* End PBXFrameworksBuildPhase section */

/* Begin PBXGroup section */
		6E893F4221CAA79300AB4777 = {
			isa = PBXGroup;
			children = (
				6E893F4D21CAA79300AB4777 /* MessView */,
				6E893F4C21CAA79300AB4777 /* Products */,
				FBF4E43CF95705B2D14FEA1C /* Pods */,
				DE8871CA3090BC4D35DC899C /* Frameworks */,
			);
			sourceTree = "<group>";
		};
		6E893F4C21CAA79300AB4777 /* Products */ = {
			isa = PBXGroup;
			children = (
				6E893F4B21CAA79300AB4777 /* MessView.app */,
			);
			name = Products;
			sourceTree = "<group>";
		};
		6E893F4D21CAA79300AB4777 /* MessView */ = {
			isa = PBXGroup;
			children = (
				6E9DF38721D245080071FD94 /* Model */,
				6E9DF38621D23C2D0071FD94 /* Controller */,
				6E893F5221CAA79300AB4777 /* Main.storyboard */,
				6E9DF38521D23C150071FD94 /* View */,
				6E893F4E21CAA79300AB4777 /* AppDelegate.swift */,
				6E893F5821CAA79500AB4777 /* Assets.xcassets */,
				6E893F5A21CAA79500AB4777 /* LaunchScreen.storyboard */,
				6E893F5D21CAA79500AB4777 /* Info.plist */,
				6E893F5521CAA79300AB4777 /* MessView.xcdatamodeld */,
				6E85694F21EB4D430069932C /* GoogleService-Info.plist */,
				6E893F7621CE8DE400AB4777 /* menu_button */,
				6E893F6B21CE15D500AB4777 /* Animation */,
			);
			path = MessView;
			sourceTree = "<group>";
		};
		6E893F6B21CE15D500AB4777 /* Animation */ = {
			isa = PBXGroup;
			children = (
				6E893F6C21CE1B7500AB4777 /* amazing_anima.json */,
				6E893F6321CE145400AB4777 /* loading_anim.json */,
				6E893F7021CE3EF900AB4777 /* lll333.json */,
				6E893F7D21CE8E1800AB4777 /* glow_loading.json */,
				6E893F7221CE3FA600AB4777 /* 123.json */,
				6E893F7421CE8D0200AB4777 /* heart_anima.json */,
				6E893F6521CE157E00AB4777 /* like.json */,
				6E893F6E21CE3E5C00AB4777 /* l2.json */,
				6E893F6721CE15A500AB4777 /* floral.json */,
			);
			path = Animation;
			sourceTree = "<group>";
		};
		6E893F7621CE8DE400AB4777 /* menu_button */ = {
			isa = PBXGroup;
			children = (
				6E893F7721CE8DE400AB4777 /* menuButton1.json */,
				6E893F7821CE8DE400AB4777 /* menuButton2.json */,
				6E893F7921CE8DE400AB4777 /* Day01_MenuButton.aep */,
			);
			path = menu_button;
			sourceTree = "<group>";
		};
		6E9DF38521D23C150071FD94 /* View */ = {
			isa = PBXGroup;
			children = (
				6E9DF38C21D260910071FD94 /* UserListCell.swift */,
				6E9DF38D21D260910071FD94 /* UserListCell.xib */,
				6E9DF39221D297720071FD94 /* ChatLog.swift */,
				6E9DF39321D297720071FD94 /* ChatLog.xib */,
				6E04001621E355DF002064D1 /* ChatMessageCell.swift */,
			);
			path = View;
			sourceTree = "<group>";
		};
		6E9DF38621D23C2D0071FD94 /* Controller */ = {
			isa = PBXGroup;
			children = (
				6E4C126121CE9A7C00390B1A /* Loggin.swift */,
				6E4C125F21CE990200390B1A /* Registration.swift */,
				6E4C126521CEE1B200390B1A /* MessageView.swift */,
				6E4C126D21CF5D2A00390B1A /* NewMessage.swift */,
				6E4C126F21CF5FE600390B1A /* ChatLogController.swift */,
			);
			path = Controller;
			sourceTree = "<group>";
		};
		6E9DF38721D245080071FD94 /* Model */ = {
			isa = PBXGroup;
			children = (
				6EF9406421D41F0F0055FCCF /* User.swift */,
				6EF9406621D41FEE0055FCCF /* Message.swift */,
			);
			path = Model;
			sourceTree = "<group>";
		};
		DE8871CA3090BC4D35DC899C /* Frameworks */ = {
			isa = PBXGroup;
			children = (
				88E7107EDB59C0CF3F276050 /* Pods_MessView.framework */,
			);
			name = Frameworks;
			sourceTree = "<group>";
		};
		FBF4E43CF95705B2D14FEA1C /* Pods */ = {
			isa = PBXGroup;
			children = (
				4292815669D708C8925CFAFA /* Pods-MessView.debug.xcconfig */,
				CBE20C80BF90CBB91FEFCBE5 /* Pods-MessView.release.xcconfig */,
			);
			name = Pods;
			sourceTree = "<group>";
		};
/* End PBXGroup section */

/* Begin PBXNativeTarget section */
		6E893F4A21CAA79300AB4777 /* MessView */ = {
			isa = PBXNativeTarget;
			buildConfigurationList = 6E893F6021CAA79500AB4777 /* Build configuration list for PBXNativeTarget "MessView" */;
			buildPhases = (
				289A152D7DAF0157426CFB22 /* [CP] Check Pods Manifest.lock */,
				6E893F4721CAA79300AB4777 /* Sources */,
				6E893F4821CAA79300AB4777 /* Frameworks */,
				6E893F4921CAA79300AB4777 /* Resources */,
				21083E4060FA2B5CF77D8A6B /* [CP] Embed Pods Frameworks */,
			);
			buildRules = (
			);
			dependencies = (
			);
			name = MessView;
			productName = MessView;
			productReference = 6E893F4B21CAA79300AB4777 /* MessView.app */;
			productType = "com.apple.product-type.application";
		};
/* End PBXNativeTarget section */

/* Begin PBXProject section */
		6E893F4321CAA79300AB4777 /* Project object */ = {
			isa = PBXProject;
			attributes = {
				LastSwiftUpdateCheck = 1010;
				LastUpgradeCheck = 1010;
				ORGANIZATIONNAME = "Влад Третьяк";
				TargetAttributes = {
					6E893F4A21CAA79300AB4777 = {
						CreatedOnToolsVersion = 10.1;
					};
				};
			};
			buildConfigurationList = 6E893F4621CAA79300AB4777 /* Build configuration list for PBXProject "MessView" */;
			compatibilityVersion = "Xcode 9.3";
			developmentRegion = en;
			hasScannedForEncodings = 0;
			knownRegions = (
				en,
				Base,
			);
			mainGroup = 6E893F4221CAA79300AB4777;
			productRefGroup = 6E893F4C21CAA79300AB4777 /* Products */;
			projectDirPath = "";
			projectRoot = "";
			targets = (
				6E893F4A21CAA79300AB4777 /* MessView */,
			);
		};
/* End PBXProject section */

/* Begin PBXResourcesBuildPhase section */
		6E893F4921CAA79300AB4777 /* Resources */ = {
			isa = PBXResourcesBuildPhase;
			buildActionMask = 2147483647;
			files = (
				6E9DF39521D297720071FD94 /* ChatLog.xib in Resources */,
				6E893F6421CE145400AB4777 /* loading_anim.json in Resources */,
				6E893F6821CE15A500AB4777 /* floral.json in Resources */,
				6E893F5C21CAA79500AB4777 /* LaunchScreen.storyboard in Resources */,
				6E893F7121CE3EFA00AB4777 /* lll333.json in Resources */,
				6E893F7321CE3FA600AB4777 /* 123.json in Resources */,
				6E893F7C21CE8DE400AB4777 /* Day01_MenuButton.aep in Resources */,
				6E893F5921CAA79500AB4777 /* Assets.xcassets in Resources */,
				6E893F7521CE8D0200AB4777 /* heart_anima.json in Resources */,
				6E893F6621CE157E00AB4777 /* like.json in Resources */,
				6E893F6F21CE3E5C00AB4777 /* l2.json in Resources */,
				6E85695021EB4D430069932C /* GoogleService-Info.plist in Resources */,
				6E893F6D21CE1B7500AB4777 /* amazing_anima.json in Resources */,
				6E893F7E21CE8E1800AB4777 /* glow_loading.json in Resources */,
				6E893F7A21CE8DE400AB4777 /* menuButton1.json in Resources */,
				6E893F7B21CE8DE400AB4777 /* menuButton2.json in Resources */,
				6E9DF38F21D260910071FD94 /* UserListCell.xib in Resources */,
				6E893F5421CAA79300AB4777 /* Main.storyboard in Resources */,
			);
			runOnlyForDeploymentPostprocessing = 0;
		};
/* End PBXResourcesBuildPhase section */

/* Begin PBXShellScriptBuildPhase section */
		21083E4060FA2B5CF77D8A6B /* [CP] Embed Pods Frameworks */ = {
			isa = PBXShellScriptBuildPhase;
			buildActionMask = 2147483647;
			files = (
			);
			inputFileListPaths = (
			);
			inputPaths = (
				"${SRCROOT}/Pods/Target Support Files/Pods-MessView/Pods-MessView-frameworks.sh",
				"${BUILT_PRODUCTS_DIR}/GTMSessionFetcher/GTMSessionFetcher.framework",
				"${BUILT_PRODUCTS_DIR}/GoogleUtilities/GoogleUtilities.framework",
				"${BUILT_PRODUCTS_DIR}/Kingfisher/Kingfisher.framework",
				"${BUILT_PRODUCTS_DIR}/leveldb-library/leveldb.framework",
				"${BUILT_PRODUCTS_DIR}/lottie-ios/Lottie.framework",
				"${BUILT_PRODUCTS_DIR}/nanopb/nanopb.framework",
			);
			name = "[CP] Embed Pods Frameworks";
			outputFileListPaths = (
			);
			outputPaths = (
				"${TARGET_BUILD_DIR}/${FRAMEWORKS_FOLDER_PATH}/GTMSessionFetcher.framework",
				"${TARGET_BUILD_DIR}/${FRAMEWORKS_FOLDER_PATH}/GoogleUtilities.framework",
				"${TARGET_BUILD_DIR}/${FRAMEWORKS_FOLDER_PATH}/Kingfisher.framework",
				"${TARGET_BUILD_DIR}/${FRAMEWORKS_FOLDER_PATH}/leveldb.framework",
				"${TARGET_BUILD_DIR}/${FRAMEWORKS_FOLDER_PATH}/Lottie.framework",
				"${TARGET_BUILD_DIR}/${FRAMEWORKS_FOLDER_PATH}/nanopb.framework",
			);
			runOnlyForDeploymentPostprocessing = 0;
			shellPath = /bin/sh;
			shellScript = "\"${SRCROOT}/Pods/Target Support Files/Pods-MessView/Pods-MessView-frameworks.sh\"\n";
			showEnvVarsInLog = 0;
		};
		289A152D7DAF0157426CFB22 /* [CP] Check Pods Manifest.lock */ = {
			isa = PBXShellScriptBuildPhase;
			buildActionMask = 2147483647;
			files = (
			);
			inputFileListPaths = (
			);
			inputPaths = (
				"${PODS_PODFILE_DIR_PATH}/Podfile.lock",
				"${PODS_ROOT}/Manifest.lock",
			);
			name = "[CP] Check Pods Manifest.lock";
			outputFileListPaths = (
			);
			outputPaths = (
				"$(DERIVED_FILE_DIR)/Pods-MessView-checkManifestLockResult.txt",
			);
			runOnlyForDeploymentPostprocessing = 0;
			shellPath = /bin/sh;
			shellScript = "diff \"${PODS_PODFILE_DIR_PATH}/Podfile.lock\" \"${PODS_ROOT}/Manifest.lock\" > /dev/null\nif [ $? != 0 ] ; then\n    # print error to STDERR\n    echo \"error: The sandbox is not in sync with the Podfile.lock. Run 'pod install' or update your CocoaPods installation.\" >&2\n    exit 1\nfi\n# This output is used by Xcode 'outputs' to avoid re-running this script phase.\necho \"SUCCESS\" > \"${SCRIPT_OUTPUT_FILE_0}\"\n";
			showEnvVarsInLog = 0;
		};
/* End PBXShellScriptBuildPhase section */

/* Begin PBXSourcesBuildPhase section */
		6E893F4721CAA79300AB4777 /* Sources */ = {
			isa = PBXSourcesBuildPhase;
			buildActionMask = 2147483647;
			files = (
				6E9DF39421D297720071FD94 /* ChatLog.swift in Sources */,
				6E9DF38E21D260910071FD94 /* UserListCell.swift in Sources */,
				6E4C126021CE990200390B1A /* Registration.swift in Sources */,
				6E893F5721CAA79300AB4777 /* MessView.xcdatamodeld in Sources */,
				6EF9406521D41F0F0055FCCF /* User.swift in Sources */,
				6E04001721E355DF002064D1 /* ChatMessageCell.swift in Sources */,
				6E4C126E21CF5D2A00390B1A /* NewMessage.swift in Sources */,
				6E4C127021CF5FE600390B1A /* ChatLogController.swift in Sources */,
				6E893F4F21CAA79300AB4777 /* AppDelegate.swift in Sources */,
				6E4C126221CE9A7C00390B1A /* Loggin.swift in Sources */,
				6EF9406721D41FEE0055FCCF /* Message.swift in Sources */,
				6E4C126621CEE1B200390B1A /* MessageView.swift in Sources */,
			);
			runOnlyForDeploymentPostprocessing = 0;
		};
/* End PBXSourcesBuildPhase section */

/* Begin PBXVariantGroup section */
		6E893F5221CAA79300AB4777 /* Main.storyboard */ = {
			isa = PBXVariantGroup;
			children = (
				6E893F5321CAA79300AB4777 /* Base */,
			);
			name = Main.storyboard;
			sourceTree = "<group>";
		};
		6E893F5A21CAA79500AB4777 /* LaunchScreen.storyboard */ = {
			isa = PBXVariantGroup;
			children = (
				6E893F5B21CAA79500AB4777 /* Base */,
			);
			name = LaunchScreen.storyboard;
			sourceTree = "<group>";
		};
/* End PBXVariantGroup section */

/* Begin XCBuildConfiguration section */
		6E893F5E21CAA79500AB4777 /* Debug */ = {
			isa = XCBuildConfiguration;
			buildSettings = {
				ALWAYS_SEARCH_USER_PATHS = NO;
				CLANG_ANALYZER_NONNULL = YES;
				CLANG_ANALYZER_NUMBER_OBJECT_CONVERSION = YES_AGGRESSIVE;
				CLANG_CXX_LANGUAGE_STANDARD = "gnu++14";
				CLANG_CXX_LIBRARY = "libc++";
				CLANG_ENABLE_MODULES = YES;
				CLANG_ENABLE_OBJC_ARC = YES;
				CLANG_ENABLE_OBJC_WEAK = YES;
				CLANG_WARN_BLOCK_CAPTURE_AUTORELEASING = YES;
				CLANG_WARN_BOOL_CONVERSION = YES;
				CLANG_WARN_COMMA = YES;
				CLANG_WARN_CONSTANT_CONVERSION = YES;
				CLANG_WARN_DEPRECATED_OBJC_IMPLEMENTATIONS = YES;
				CLANG_WARN_DIRECT_OBJC_ISA_USAGE = YES_ERROR;
				CLANG_WARN_DOCUMENTATION_COMMENTS = YES;
				CLANG_WARN_EMPTY_BODY = YES;
				CLANG_WARN_ENUM_CONVERSION = YES;
				CLANG_WARN_INFINITE_RECURSION = YES;
				CLANG_WARN_INT_CONVERSION = YES;
				CLANG_WARN_NON_LITERAL_NULL_CONVERSION = YES;
				CLANG_WARN_OBJC_IMPLICIT_RETAIN_SELF = YES;
				CLANG_WARN_OBJC_LITERAL_CONVERSION = YES;
				CLANG_WARN_OBJC_ROOT_CLASS = YES_ERROR;
				CLANG_WARN_RANGE_LOOP_ANALYSIS = YES;
				CLANG_WARN_STRICT_PROTOTYPES = YES;
				CLANG_WARN_SUSPICIOUS_MOVE = YES;
				CLANG_WARN_UNGUARDED_AVAILABILITY = YES_AGGRESSIVE;
				CLANG_WARN_UNREACHABLE_CODE = YES;
				CLANG_WARN__DUPLICATE_METHOD_MATCH = YES;
				CODE_SIGN_IDENTITY = "iPhone Developer";
				COPY_PHASE_STRIP = NO;
				DEBUG_INFORMATION_FORMAT = dwarf;
				ENABLE_STRICT_OBJC_MSGSEND = YES;
				ENABLE_TESTABILITY = YES;
				GCC_C_LANGUAGE_STANDARD = gnu11;
				GCC_DYNAMIC_NO_PIC = NO;
				GCC_NO_COMMON_BLOCKS = YES;
				GCC_OPTIMIZATION_LEVEL = 0;
				GCC_PREPROCESSOR_DEFINITIONS = (
					"DEBUG=1",
					"$(inherited)",
				);
				GCC_WARN_64_TO_32_BIT_CONVERSION = YES;
				GCC_WARN_ABOUT_RETURN_TYPE = YES_ERROR;
				GCC_WARN_UNDECLARED_SELECTOR = YES;
				GCC_WARN_UNINITIALIZED_AUTOS = YES_AGGRESSIVE;
				GCC_WARN_UNUSED_FUNCTION = YES;
				GCC_WARN_UNUSED_VARIABLE = YES;
				IPHONEOS_DEPLOYMENT_TARGET = 12.1;
				MTL_ENABLE_DEBUG_INFO = INCLUDE_SOURCE;
				MTL_FAST_MATH = YES;
				ONLY_ACTIVE_ARCH = YES;
				SDKROOT = iphoneos;
				SWIFT_ACTIVE_COMPILATION_CONDITIONS = DEBUG;
				SWIFT_OPTIMIZATION_LEVEL = "-Onone";
			};
			name = Debug;
		};
		6E893F5F21CAA79500AB4777 /* Release */ = {
			isa = XCBuildConfiguration;
			buildSettings = {
				ALWAYS_SEARCH_USER_PATHS = NO;
				CLANG_ANALYZER_NONNULL = YES;
				CLANG_ANALYZER_NUMBER_OBJECT_CONVERSION = YES_AGGRESSIVE;
				CLANG_CXX_LANGUAGE_STANDARD = "gnu++14";
				CLANG_CXX_LIBRARY = "libc++";
				CLANG_ENABLE_MODULES = YES;
				CLANG_ENABLE_OBJC_ARC = YES;
				CLANG_ENABLE_OBJC_WEAK = YES;
				CLANG_WARN_BLOCK_CAPTURE_AUTORELEASING = YES;
				CLANG_WARN_BOOL_CONVERSION = YES;
				CLANG_WARN_COMMA = YES;
				CLANG_WARN_CONSTANT_CONVERSION = YES;
				CLANG_WARN_DEPRECATED_OBJC_IMPLEMENTATIONS = YES;
				CLANG_WARN_DIRECT_OBJC_ISA_USAGE = YES_ERROR;
				CLANG_WARN_DOCUMENTATION_COMMENTS = YES;
				CLANG_WARN_EMPTY_BODY = YES;
				CLANG_WARN_ENUM_CONVERSION = YES;
				CLANG_WARN_INFINITE_RECURSION = YES;
				CLANG_WARN_INT_CONVERSION = YES;
				CLANG_WARN_NON_LITERAL_NULL_CONVERSION = YES;
				CLANG_WARN_OBJC_IMPLICIT_RETAIN_SELF = YES;
				CLANG_WARN_OBJC_LITERAL_CONVERSION = YES;
				CLANG_WARN_OBJC_ROOT_CLASS = YES_ERROR;
				CLANG_WARN_RANGE_LOOP_ANALYSIS = YES;
				CLANG_WARN_STRICT_PROTOTYPES = YES;
				CLANG_WARN_SUSPICIOUS_MOVE = YES;
				CLANG_WARN_UNGUARDED_AVAILABILITY = YES_AGGRESSIVE;
				CLANG_WARN_UNREACHABLE_CODE = YES;
				CLANG_WARN__DUPLICATE_METHOD_MATCH = YES;
				CODE_SIGN_IDENTITY = "iPhone Developer";
				COPY_PHASE_STRIP = NO;
				DEBUG_INFORMATION_FORMAT = "dwarf-with-dsym";
				ENABLE_NS_ASSERTIONS = NO;
				ENABLE_STRICT_OBJC_MSGSEND = YES;
				GCC_C_LANGUAGE_STANDARD = gnu11;
				GCC_NO_COMMON_BLOCKS = YES;
				GCC_WARN_64_TO_32_BIT_CONVERSION = YES;
				GCC_WARN_ABOUT_RETURN_TYPE = YES_ERROR;
				GCC_WARN_UNDECLARED_SELECTOR = YES;
				GCC_WARN_UNINITIALIZED_AUTOS = YES_AGGRESSIVE;
				GCC_WARN_UNUSED_FUNCTION = YES;
				GCC_WARN_UNUSED_VARIABLE = YES;
				IPHONEOS_DEPLOYMENT_TARGET = 12.1;
				MTL_ENABLE_DEBUG_INFO = NO;
				MTL_FAST_MATH = YES;
				SDKROOT = iphoneos;
				SWIFT_COMPILATION_MODE = wholemodule;
				SWIFT_OPTIMIZATION_LEVEL = "-O";
				VALIDATE_PRODUCT = YES;
			};
			name = Release;
		};
		6E893F6121CAA79500AB4777 /* Debug */ = {
			isa = XCBuildConfiguration;
			baseConfigurationReference = 4292815669D708C8925CFAFA /* Pods-MessView.debug.xcconfig */;
			buildSettings = {
				ASSETCATALOG_COMPILER_APPICON_NAME = AppIcon;
				CODE_SIGN_STYLE = Automatic;
				DEVELOPMENT_TEAM = WLMKVT54KP;
				INFOPLIST_FILE = MessView/Info.plist;
				LD_RUNPATH_SEARCH_PATHS = (
					"$(inherited)",
					"@executable_path/Frameworks",
				);
				PRODUCT_BUNDLE_IDENTIFIER = gbs.MessView;
				PRODUCT_NAME = "$(TARGET_NAME)";
				SWIFT_VERSION = 4.2;
				TARGETED_DEVICE_FAMILY = "1,2";
			};
			name = Debug;
		};
		6E893F6221CAA79500AB4777 /* Release */ = {
			isa = XCBuildConfiguration;
			baseConfigurationReference = CBE20C80BF90CBB91FEFCBE5 /* Pods-MessView.release.xcconfig */;
			buildSettings = {
				ASSETCATALOG_COMPILER_APPICON_NAME = AppIcon;
				CODE_SIGN_STYLE = Automatic;
				DEVELOPMENT_TEAM = WLMKVT54KP;
				INFOPLIST_FILE = MessView/Info.plist;
				LD_RUNPATH_SEARCH_PATHS = (
					"$(inherited)",
					"@executable_path/Frameworks",
				);
				PRODUCT_BUNDLE_IDENTIFIER = gbs.MessView;
				PRODUCT_NAME = "$(TARGET_NAME)";
				SWIFT_VERSION = 4.2;
				TARGETED_DEVICE_FAMILY = "1,2";
			};
			name = Release;
		};
/* End XCBuildConfiguration section */

/* Begin XCConfigurationList section */
		6E893F4621CAA79300AB4777 /* Build configuration list for PBXProject "MessView" */ = {
			isa = XCConfigurationList;
			buildConfigurations = (
				6E893F5E21CAA79500AB4777 /* Debug */,
				6E893F5F21CAA79500AB4777 /* Release */,
			);
			defaultConfigurationIsVisible = 0;
			defaultConfigurationName = Release;
		};
		6E893F6021CAA79500AB4777 /* Build configuration list for PBXNativeTarget "MessView" */ = {
			isa = XCConfigurationList;
			buildConfigurations = (
				6E893F6121CAA79500AB4777 /* Debug */,
				6E893F6221CAA79500AB4777 /* Release */,
			);
			defaultConfigurationIsVisible = 0;
			defaultConfigurationName = Release;
		};
/* End XCConfigurationList section */

/* Begin XCVersionGroup section */
		6E893F5521CAA79300AB4777 /* MessView.xcdatamodeld */ = {
			isa = XCVersionGroup;
			children = (
				6E893F5621CAA79300AB4777 /* MessView.xcdatamodel */,
			);
			currentVersion = 6E893F5621CAA79300AB4777 /* MessView.xcdatamodel */;
			path = MessView.xcdatamodeld;
			sourceTree = "<group>";
			versionGroupType = wrapper.xcdatamodel;
		};
/* End XCVersionGroup section */
	};
	rootObject = 6E893F4321CAA79300AB4777 /* Project object */;
}
